
Microsoft Visual Studio Solution File, Format Version 12.00
# Visual Studio Version 17
VisualStudioVersion = 17.3.32922.545
MinimumVisualStudioVersion = 10.0.40219.1
Project("{2150E333-8FDC-42A3-9474-1A3956D46DE8}") = "Services", "Services", "{6A4CCB6D-E1CC-46C2-843B-14A70C58D6E7}"
EndProject
Project("{2150E333-8FDC-42A3-9474-1A3956D46DE8}") = "IdentityServer", "IdentityServer", "{50C4F60D-5FBF-4602-A3C3-4564EEBEDFC6}"
EndProject
Project("{2150E333-8FDC-42A3-9474-1A3956D46DE8}") = "Recruitment", "Recruitment", "{B6C8194B-882C-4496-B41F-411749AF6D48}"
EndProject
Project("{9A19103F-16F7-4668-BE54-9A1E7A4F7556}") = "Recruitment.IdentityServer", "Services\IdentityServer\Recruitment.IdentityServer\Recruitment.IdentityServer.csproj", "{3E7E17A6-8774-4260-8591-C0AAD4106998}"
EndProject
Project("{2150E333-8FDC-42A3-9474-1A3956D46DE8}") = "Common", "Common", "{9F66551A-0ACC-4B36-94AB-6AB79CEA76AC}"
EndProject
Project("{9A19103F-16F7-4668-BE54-9A1E7A4F7556}") = "Constant", "Common\Constant\Constant.csproj", "{42DA99FA-6679-47D0-8A97-2D3CF9DE1193}"
EndProject
Project("{9A19103F-16F7-4668-BE54-9A1E7A4F7556}") = "Recruitment.API", "Services\Recruitment\Recruitment.API\Recruitment.API.csproj", "{0457AEC8-7E03-448B-A170-9A5A15B8526E}"
EndProject
Project("{FAE04EC0-301F-11D3-BF4B-00C04F79EFBC}") = "Recruitment.Application", "Services\Recruitment\Recruitment.Application\Recruitment.Application.csproj", "{30EA5725-7AF2-4305-8B1C-4A4999275D85}"
EndProject
Project("{FAE04EC0-301F-11D3-BF4B-00C04F79EFBC}") = "Recruitment.Domain", "Services\Recruitment\Recruitment.Domain\Recruitment.Domain.csproj", "{D14A16E5-6B99-459B-91B6-8CC453BCDC83}"
EndProject
Project("{FAE04EC0-301F-11D3-BF4B-00C04F79EFBC}") = "Recruitment.Infrastructure", "Services\Recruitment\Recruitment.Infrastructure\Recruitment.Infrastructure.csproj", "{38D8CE91-65F6-40AA-8D93-69B5AE2BC455}"
EndProject
Project("{FAE04EC0-301F-11D3-BF4B-00C04F79EFBC}") = "Recruitment.Persistence", "Services\Recruitment\Recruitment.Persistence\Recruitment.Persistence.csproj", "{D5CA1E44-E909-4A2B-8A59-482D5A0A2B15}"
EndProject
Global
	GlobalSection(SolutionConfigurationPlatforms) = preSolution
		Debug|Any CPU = Debug|Any CPU
		Release|Any CPU = Release|Any CPU
	EndGlobalSection
	GlobalSection(ProjectConfigurationPlatforms) = postSolution
		{3E7E17A6-8774-4260-8591-C0AAD4106998}.Debug|Any CPU.ActiveCfg = Debug|Any CPU
		{3E7E17A6-8774-4260-8591-C0AAD4106998}.Debug|Any CPU.Build.0 = Debug|Any CPU
		{3E7E17A6-8774-4260-8591-C0AAD4106998}.Release|Any CPU.ActiveCfg = Release|Any CPU
		{3E7E17A6-8774-4260-8591-C0AAD4106998}.Release|Any CPU.Build.0 = Release|Any CPU
		{42DA99FA-6679-47D0-8A97-2D3CF9DE1193}.Debug|Any CPU.ActiveCfg = Debug|Any CPU
		{42DA99FA-6679-47D0-8A97-2D3CF9DE1193}.Debug|Any CPU.Build.0 = Debug|Any CPU
		{42DA99FA-6679-47D0-8A97-2D3CF9DE1193}.Release|Any CPU.ActiveCfg = Release|Any CPU
		{42DA99FA-6679-47D0-8A97-2D3CF9DE1193}.Release|Any CPU.Build.0 = Release|Any CPU
		{0457AEC8-7E03-448B-A170-9A5A15B8526E}.Debug|Any CPU.ActiveCfg = Debug|Any CPU
		{0457AEC8-7E03-448B-A170-9A5A15B8526E}.Debug|Any CPU.Build.0 = Debug|Any CPU
		{0457AEC8-7E03-448B-A170-9A5A15B8526E}.Release|Any CPU.ActiveCfg = Release|Any CPU
		{0457AEC8-7E03-448B-A170-9A5A15B8526E}.Release|Any CPU.Build.0 = Release|Any CPU
		{30EA5725-7AF2-4305-8B1C-4A4999275D85}.Debug|Any CPU.ActiveCfg = Debug|Any CPU
		{30EA5725-7AF2-4305-8B1C-4A4999275D85}.Debug|Any CPU.Build.0 = Debug|Any CPU
		{30EA5725-7AF2-4305-8B1C-4A4999275D85}.Release|Any CPU.ActiveCfg = Release|Any CPU
		{30EA5725-7AF2-4305-8B1C-4A4999275D85}.Release|Any CPU.Build.0 = Release|Any CPU
		{D14A16E5-6B99-459B-91B6-8CC453BCDC83}.Debug|Any CPU.ActiveCfg = Debug|Any CPU
		{D14A16E5-6B99-459B-91B6-8CC453BCDC83}.Debug|Any CPU.Build.0 = Debug|Any CPU
		{D14A16E5-6B99-459B-91B6-8CC453BCDC83}.Release|Any CPU.ActiveCfg = Release|Any CPU
		{D14A16E5-6B99-459B-91B6-8CC453BCDC83}.Release|Any CPU.Build.0 = Release|Any CPU
		{38D8CE91-65F6-40AA-8D93-69B5AE2BC455}.Debug|Any CPU.ActiveCfg = Debug|Any CPU
		{38D8CE91-65F6-40AA-8D93-69B5AE2BC455}.Debug|Any CPU.Build.0 = Debug|Any CPU
		{38D8CE91-65F6-40AA-8D93-69B5AE2BC455}.Release|Any CPU.ActiveCfg = Release|Any CPU
		{38D8CE91-65F6-40AA-8D93-69B5AE2BC455}.Release|Any CPU.Build.0 = Release|Any CPU
		{D5CA1E44-E909-4A2B-8A59-482D5A0A2B15}.Debug|Any CPU.ActiveCfg = Debug|Any CPU
		{D5CA1E44-E909-4A2B-8A59-482D5A0A2B15}.Debug|Any CPU.Build.0 = Debug|Any CPU
		{D5CA1E44-E909-4A2B-8A59-482D5A0A2B15}.Release|Any CPU.ActiveCfg = Release|Any CPU
		{D5CA1E44-E909-4A2B-8A59-482D5A0A2B15}.Release|Any CPU.Build.0 = Release|Any CPU
	EndGlobalSection
	GlobalSection(SolutionProperties) = preSolution
		HideSolutionNode = FALSE
	EndGlobalSection
	GlobalSection(NestedProjects) = preSolution
		{50C4F60D-5FBF-4602-A3C3-4564EEBEDFC6} = {6A4CCB6D-E1CC-46C2-843B-14A70C58D6E7}
		{B6C8194B-882C-4496-B41F-411749AF6D48} = {6A4CCB6D-E1CC-46C2-843B-14A70C58D6E7}
		{3E7E17A6-8774-4260-8591-C0AAD4106998} = {50C4F60D-5FBF-4602-A3C3-4564EEBEDFC6}
		{42DA99FA-6679-47D0-8A97-2D3CF9DE1193} = {9F66551A-0ACC-4B36-94AB-6AB79CEA76AC}
		{0457AEC8-7E03-448B-A170-9A5A15B8526E} = {B6C8194B-882C-4496-B41F-411749AF6D48}
		{30EA5725-7AF2-4305-8B1C-4A4999275D85} = {B6C8194B-882C-4496-B41F-411749AF6D48}
		{D14A16E5-6B99-459B-91B6-8CC453BCDC83} = {B6C8194B-882C-4496-B41F-411749AF6D48}
		{38D8CE91-65F6-40AA-8D93-69B5AE2BC455} = {B6C8194B-882C-4496-B41F-411749AF6D48}
		{D5CA1E44-E909-4A2B-8A59-482D5A0A2B15} = {B6C8194B-882C-4496-B41F-411749AF6D48}
	EndGlobalSection
	GlobalSection(ExtensibilityGlobals) = postSolution
		SolutionGuid = {9A9AB723-2968-412D-89E8-9A3C64FBF82A}
	EndGlobalSection
EndGlobal
